Microsoft Visual Studio Solution File, Format Version 8.00
Project("{FAE04EC0-301F-11D3-BF4B-00C04F79EFBC}") = "SEODEP", "SEODEP.csproj", "{E98648DD-1C13-46AC-8AFB-A0CE759BCEC5}"
	ProjectSection(ProjectDependencies) = postProject
	EndProjectSection
EndProject
Global
	GlobalSection(SolutionConfiguration) = preSolution
		Debug = Debug
		Release = Release
	EndGlobalSection
	GlobalSection(ProjectConfiguration) = postSolution
		{E98648DD-1C13-46AC-8AFB-A0CE759BCEC5}.Debug.ActiveCfg = Debug|.NET
		{E98648DD-1C13-46AC-8AFB-A0CE759BCEC5}.Debug.Build.0 = Debug|.NET
		{E98648DD-1C13-46AC-8AFB-A0CE759BCEC5}.Release.ActiveCfg = Release|.NET
		{E98648DD-1C13-46AC-8AFB-A0CE759BCEC5}.Release.Build.0 = Release|.NET
	EndGlobalSection
	GlobalSection(ExtensibilityGlobals) = postSolution
	EndGlobalSection
	GlobalSection(ExtensibilityAddIns) = postSolution
	EndGlobalSection
EndGlobal
